// !$*UTF8*$!
{
	archiveVersion = 1;
	classes = {
	};
	objectVersion = 56;
	objects = {

/* Begin PBXBuildFile section */
		48481FCA2A47E59000D1DE57 /* DontDoAppApp.swift in Sources */ = {isa = PBXBuildFile; fileRef = 48481FC92A47E59000D1DE57 /* DontDoAppApp.swift */; };
		48481FCC2A47E59000D1DE57 /* Item.swift in Sources */ = {isa = PBXBuildFile; fileRef = 48481FCB2A47E59000D1DE57 /* Item.swift */; };
		48481FCE2A47E59000D1DE57 /* ContentView.swift in Sources */ = {isa = PBXBuildFile; fileRef = 48481FCD2A47E59000D1DE57 /* ContentView.swift */; };
		48481FD02A47E59100D1DE57 /* Assets.xcassets in Resources */ = {isa = PBXBuildFile; fileRef = 48481FCF2A47E59100D1DE57 /* Assets.xcassets */; };
		48481FD42A47E59100D1DE57 /* Preview Assets.xcassets in Resources */ = {isa = PBXBuildFile; fileRef = 48481FD32A47E59100D1DE57 /* Preview Assets.xcassets */; };
		48481FDF2A47E59100D1DE57 /* DontDoAppTests.swift in Sources */ = {isa = PBXBuildFile; fileRef = 48481FDE2A47E59100D1DE57 /* DontDoAppTests.swift */; };
		48481FE92A47E59100D1DE57 /* DontDoAppUITests.swift in Sources */ = {isa = PBXBuildFile; fileRef = 48481FE82A47E59100D1DE57 /* DontDoAppUITests.swift */; };
		48481FEB2A47E59100D1DE57 /* DontDoAppUITestsLaunchTests.swift in Sources */ = {isa = PBXBuildFile; fileRef = 48481FEA2A47E59100D1DE57 /* DontDoAppUITestsLaunchTests.swift */; };
/* End PBXBuildFile section */

/* Begin PBXContainerItemProxy section */
		48481FDB2A47E59100D1DE57 /* PBXContainerItemProxy */ = {
			isa = PBXContainerItemProxy;
			containerPortal = 48481FBE2A47E58F00D1DE57 /* Project object */;
			proxyType = 1;
			remoteGlobalIDString = 48481FC52A47E58F00D1DE57;
			remoteInfo = DontDoApp;
		};
		48481FE52A47E59100D1DE57 /* PBXContainerItemProxy */ = {
			isa = PBXContainerItemProxy;
			containerPortal = 48481FBE2A47E58F00D1DE57 /* Project object */;
			proxyType = 1;
			remoteGlobalIDString = 48481FC52A47E58F00D1DE57;
			remoteInfo = DontDoApp;
		};
/* End PBXContainerItemProxy section */

/* Begin PBXFileReference section */
		48481FC62A47E59000D1DE57 /* DontDoApp.app */ = {isa = PBXFileReference; explicitFileType = wrapper.application; includeInIndex = 0; path = DontDoApp.app; sourceTree = BUILT_PRODUCTS_DIR; };
		48481FC92A47E59000D1DE57 /* DontDoAppApp.swift */ = {isa = PBXFileReference; lastKnownFileType = sourcecode.swift; path = DontDoAppApp.swift; sourceTree = "<group>"; };
		48481FCB2A47E59000D1DE57 /* Item.swift */ = {isa = PBXFileReference; lastKnownFileType = sourcecode.swift; path = Item.swift; sourceTree = "<group>"; };
		48481FCD2A47E59000D1DE57 /* ContentView.swift */ = {isa = PBXFileReference; lastKnownFileType = sourcecode.swift; path = ContentView.swift; sourceTree = "<group>"; };
		48481FCF2A47E59100D1DE57 /* Assets.xcassets */ = {isa = PBXFileReference; lastKnownFileType = folder.assetcatalog; path = Assets.xcassets; sourceTree = "<group>"; };
		48481FD12A47E59100D1DE57 /* DontDoApp.entitlements */ = {isa = PBXFileReference; lastKnownFileType = text.plist.entitlements; path = DontDoApp.entitlements; sourceTree = "<group>"; };
		48481FD32A47E59100D1DE57 /* Preview Assets.xcassets */ = {isa = PBXFileReference; lastKnownFileType = folder.assetcatalog; path = "Preview Assets.xcassets"; sourceTree = "<group>"; };
		48481FD52A47E59100D1DE57 /* Info.plist */ = {isa = PBXFileReference; lastKnownFileType = text.plist.xml; path = Info.plist; sourceTree = "<group>"; };
		48481FDA2A47E59100D1DE57 /* DontDoAppTests.xctest */ = {isa = PBXFileReference; explicitFileType = wrapper.cfbundle; includeInIndex = 0; path = DontDoAppTests.xctest; sourceTree = BUILT_PRODUCTS_DIR; };
		48481FDE2A47E59100D1DE57 /* DontDoAppTests.swift */ = {isa = PBXFileReference; lastKnownFileType = sourcecode.swift; path = DontDoAppTests.swift; sourceTree = "<group>"; };
		48481FE42A47E59100D1DE57 /* DontDoAppUITests.xctest */ = {isa = PBXFileReference; explicitFileType = wrapper.cfbundle; includeInIndex = 0; path = DontDoAppUITests.xctest; sourceTree = BUILT_PRODUCTS_DIR; };
		48481FE82A47E59100D1DE57 /* DontDoAppUITests.swift */ = {isa = PBXFileReference; lastKnownFileType = sourcecode.swift; path = DontDoAppUITests.swift; sourceTree = "<group>"; };
		48481FEA2A47E59100D1DE57 /* DontDoAppUITestsLaunchTests.swift */ = {isa = PBXFileReference; lastKnownFileType = sourcecode.swift; path = DontDoAppUITestsLaunchTests.swift; sourceTree = "<group>"; };
		484B0A632A4A6485002CB6FE /* README.md */ = {isa = PBXFileReference; lastKnownFileType = net.daringfireball.markdown; path = README.md; sourceTree = "<group>"; };
		484B0A642A4A6633002CB6FE /* LICENSE */ = {isa = PBXFileReference; lastKnownFileType = text; path = LICENSE; sourceTree = "<group>"; };
/* End PBXFileReference section */

/* Begin PBXFrameworksBuildPhase section */
		48481FC32A47E58F00D1DE57 /* Frameworks */ = {
			isa = PBXFrameworksBuildPhase;
			buildActionMask = 2147483647;
			files = (
			);
			runOnlyForDeploymentPostprocessing = 0;
		};
		48481FD72A47E59100D1DE57 /* Frameworks */ = {
			isa = PBXFrameworksBuildPhase;
			buildActionMask = 2147483647;
			files = (
			);
			runOnlyForDeploymentPostprocessing = 0;
		};
		48481FE12A47E59100D1DE57 /* Frameworks */ = {
			isa = PBXFrameworksBuildPhase;
			buildActionMask = 2147483647;
			files = (
			);
			runOnlyForDeploymentPostprocessing = 0;
		};
/* End PBXFrameworksBuildPhase section */

/* Begin PBXGroup section */
		48481FBD2A47E58F00D1DE57 = {
			isa = PBXGroup;
			children = (
				484B0A642A4A6633002CB6FE /* LICENSE */,
				484B0A632A4A6485002CB6FE /* README.md */,
				48481FC82A47E59000D1DE57 /* DontDoApp */,
				48481FDD2A47E59100D1DE57 /* DontDoAppTests */,
				48481FE72A47E59100D1DE57 /* DontDoAppUITests */,
				48481FC72A47E59000D1DE57 /* Products */,
			);
			sourceTree = "<group>";
		};
		48481FC72A47E59000D1DE57 /* Products */ = {
			isa = PBXGroup;
			children = (
				48481FC62A47E59000D1DE57 /* DontDoApp.app */,
				48481FDA2A47E59100D1DE57 /* DontDoAppTests.xctest */,
				48481FE42A47E59100D1DE57 /* DontDoAppUITests.xctest */,
			);
			name = Products;
			sourceTree = "<group>";
		};
		48481FC82A47E59000D1DE57 /* DontDoApp */ = {
			isa = PBXGroup;
			children = (
				48481FC92A47E59000D1DE57 /* DontDoAppApp.swift */,
				48481FCB2A47E59000D1DE57 /* Item.swift */,
				48481FCD2A47E59000D1DE57 /* ContentView.swift */,
				48481FCF2A47E59100D1DE57 /* Assets.xcassets */,
				48481FD12A47E59100D1DE57 /* DontDoApp.entitlements */,
				48481FD52A47E59100D1DE57 /* Info.plist */,
				48481FD22A47E59100D1DE57 /* Preview Content */,
			);
			path = DontDoApp;
			sourceTree = "<group>";
		};
		48481FD22A47E59100D1DE57 /* Preview Content */ = {
			isa = PBXGroup;
			children = (
				48481FD32A47E59100D1DE57 /* Preview Assets.xcassets */,
			);
			path = "Preview Content";
			sourceTree = "<group>";
		};
		48481FDD2A47E59100D1DE57 /* DontDoAppTests */ = {
			isa = PBXGroup;
			children = (
				48481FDE2A47E59100D1DE57 /* DontDoAppTests.swift */,
			);
			path = DontDoAppTests;
			sourceTree = "<group>";
		};
		48481FE72A47E59100D1DE57 /* DontDoAppUITests */ = {
			isa = PBXGroup;
			children = (
				48481FE82A47E59100D1DE57 /* DontDoAppUITests.swift */,
				48481FEA2A47E59100D1DE57 /* DontDoAppUITestsLaunchTests.swift */,
			);
			path = DontDoAppUITests;
			sourceTree = "<group>";
		};
/* End PBXGroup section */

/* Begin PBXNativeTarget section */
		48481FC52A47E58F00D1DE57 /* DontDoApp */ = {
			isa = PBXNativeTarget;
			buildConfigurationList = 48481FEE2A47E59100D1DE57 /* Build configuration list for PBXNativeTarget "DontDoApp" */;
			buildPhases = (
				48481FC22A47E58F00D1DE57 /* Sources */,
				48481FC32A47E58F00D1DE57 /* Frameworks */,
				48481FC42A47E58F00D1DE57 /* Resources */,
			);
			buildRules = (
			);
			dependencies = (
			);
			name = DontDoApp;
			productName = DontDoApp;
			productReference = 48481FC62A47E59000D1DE57 /* DontDoApp.app */;
			productType = "com.apple.product-type.application";
		};
		48481FD92A47E59100D1DE57 /* DontDoAppTests */ = {
			isa = PBXNativeTarget;
			buildConfigurationList = 48481FF12A47E59100D1DE57 /* Build configuration list for PBXNativeTarget "DontDoAppTests" */;
			buildPhases = (
				48481FD62A47E59100D1DE57 /* Sources */,
				48481FD72A47E59100D1DE57 /* Frameworks */,
				48481FD82A47E59100D1DE57 /* Resources */,
			);
			buildRules = (
			);
			dependencies = (
				48481FDC2A47E59100D1DE57 /* PBXTargetDependency */,
			);
			name = DontDoAppTests;
			productName = DontDoAppTests;
			productReference = 48481FDA2A47E59100D1DE57 /* DontDoAppTests.xctest */;
			productType = "com.apple.product-type.bundle.unit-test";
		};
		48481FE32A47E59100D1DE57 /* DontDoAppUITests */ = {
			isa = PBXNativeTarget;
			buildConfigurationList = 48481FF42A47E59100D1DE57 /* Build configuration list for PBXNativeTarget "DontDoAppUITests" */;
			buildPhases = (
				48481FE02A47E59100D1DE57 /* Sources */,
				48481FE12A47E59100D1DE57 /* Frameworks */,
				48481FE22A47E59100D1DE57 /* Resources */,
			);
			buildRules = (
			);
			dependencies = (
				48481FE62A47E59100D1DE57 /* PBXTargetDependency */,
			);
			name = DontDoAppUITests;
			productName = DontDoAppUITests;
			productReference = 48481FE42A47E59100D1DE57 /* DontDoAppUITests.xctest */;
			productType = "com.apple.product-type.bundle.ui-testing";
		};
/* End PBXNativeTarget section */

/* Begin PBXProject section */
		48481FBE2A47E58F00D1DE57 /* Project object */ = {
			isa = PBXProject;
			attributes = {
				BuildIndependentTargetsInParallel = 1;
				LastSwiftUpdateCheck = 1500;
				LastUpgradeCheck = 1500;
				TargetAttributes = {
					48481FC52A47E58F00D1DE57 = {
						CreatedOnToolsVersion = 15.0;
					};
					48481FD92A47E59100D1DE57 = {
						CreatedOnToolsVersion = 15.0;
						TestTargetID = 48481FC52A47E58F00D1DE57;
					};
					48481FE32A47E59100D1DE57 = {
						CreatedOnToolsVersion = 15.0;
						TestTargetID = 48481FC52A47E58F00D1DE57;
					};
				};
			};
			buildConfigurationList = 48481FC12A47E58F00D1DE57 /* Build configuration list for PBXProject "DontDoApp" */;
			compatibilityVersion = "Xcode 14.0";
			developmentRegion = en;
			hasScannedForEncodings = 0;
			knownRegions = (
				en,
				Base,
			);
			mainGroup = 48481FBD2A47E58F00D1DE57;
			productRefGroup = 48481FC72A47E59000D1DE57 /* Products */;
			projectDirPath = "";
			projectRoot = "";
			targets = (
				48481FC52A47E58F00D1DE57 /* DontDoApp */,
				48481FD92A47E59100D1DE57 /* DontDoAppTests */,
				48481FE32A47E59100D1DE57 /* DontDoAppUITests */,
			);
		};
/* End PBXProject section */

/* Begin PBXResourcesBuildPhase section */
		48481FC42A47E58F00D1DE57 /* Resources */ = {
			isa = PBXResourcesBuildPhase;
			buildActionMask = 2147483647;
			files = (
				48481FD42A47E59100D1DE57 /* Preview Assets.xcassets in Resources */,
				48481FD02A47E59100D1DE57 /* Assets.xcassets in Resources */,
			);
			runOnlyForDeploymentPostprocessing = 0;
		};
		48481FD82A47E59100D1DE57 /* Resources */ = {
			isa = PBXResourcesBuildPhase;
			buildActionMask = 2147483647;
			files = (
			);
			runOnlyForDeploymentPostprocessing = 0;
		};
		48481FE22A47E59100D1DE57 /* Resources */ = {
			isa = PBXResourcesBuildPhase;
			buildActionMask = 2147483647;
			files = (
			);
			runOnlyForDeploymentPostprocessing = 0;
		};
/* End PBXResourcesBuildPhase section */

/* Begin PBXSourcesBuildPhase section */
		48481FC22A47E58F00D1DE57 /* Sources */ = {
			isa = PBXSourcesBuildPhase;
			buildActionMask = 2147483647;
			files = (
				48481FCC2A47E59000D1DE57 /* Item.swift in Sources */,
				48481FCA2A47E59000D1DE57 /* DontDoAppApp.swift in Sources */,
				48481FCE2A47E59000D1DE57 /* ContentView.swift in Sources */,
			);
			runOnlyForDeploymentPostprocessing = 0;
		};
		48481FD62A47E59100D1DE57 /* Sources */ = {
			isa = PBXSourcesBuildPhase;
			buildActionMask = 2147483647;
			files = (
				48481FDF2A47E59100D1DE57 /* DontDoAppTests.swift in Sources */,
			);
			runOnlyForDeploymentPostprocessing = 0;
		};
		48481FE02A47E59100D1DE57 /* Sources */ = {
			isa = PBXSourcesBuildPhase;
			buildActionMask = 2147483647;
			files = (
				48481FEB2A47E59100D1DE57 /* DontDoAppUITestsLaunchTests.swift in Sources */,
				48481FE92A47E59100D1DE57 /* DontDoAppUITests.swift in Sources */,
			);
			runOnlyForDeploymentPostprocessing = 0;
		};
/* End PBXSourcesBuildPhase section */

/* Begin PBXTargetDependency section */
		48481FDC2A47E59100D1DE57 /* PBXTargetDependency */ = {
			isa = PBXTargetDependency;
			target = 48481FC52A47E58F00D1DE57 /* DontDoApp */;
			targetProxy = 48481FDB2A47E59100D1DE57 /* PBXContainerItemProxy */;
		};
		48481FE62A47E59100D1DE57 /* PBXTargetDependency */ = {
			isa = PBXTargetDependency;
			target = 48481FC52A47E58F00D1DE57 /* DontDoApp */;
			targetProxy = 48481FE52A47E59100D1DE57 /* PBXContainerItemProxy */;
		};
/* End PBXTargetDependency section */

/* Begin XCBuildConfiguration section */
		48481FEC2A47E59100D1DE57 /* Debug */ = {
			isa = XCBuildConfiguration;
			buildSettings = {
				ALWAYS_SEARCH_USER_PATHS = NO;
				ASSETCATALOG_COMPILER_GENERATE_SWIFT_ASSET_SYMBOL_EXTENSIONS = YES;
				CLANG_ANALYZER_NONNULL = YES;
				CLANG_ANALYZER_NUMBER_OBJECT_CONVERSION = YES_AGGRESSIVE;
				CLANG_CXX_LANGUAGE_STANDARD = "gnu++20";
				CLANG_ENABLE_MODULES = YES;
				CLANG_ENABLE_OBJC_ARC = YES;
				CLANG_ENABLE_OBJC_WEAK = YES;
				CLANG_WARN_BLOCK_CAPTURE_AUTORELEASING = YES;
				CLANG_WARN_BOOL_CONVERSION = YES;
				CLANG_WARN_COMMA = YES;
				CLANG_WARN_CONSTANT_CONVERSION = YES;
				CLANG_WARN_DEPRECATED_OBJC_IMPLEMENTATIONS = YES;
				CLANG_WARN_DIRECT_OBJC_ISA_USAGE = YES_ERROR;
				CLANG_WARN_DOCUMENTATION_COMMENTS = YES;
				CLANG_WARN_EMPTY_BODY = YES;
				CLANG_WARN_ENUM_CONVERSION = YES;
				CLANG_WARN_INFINITE_RECURSION = YES;
				CLANG_WARN_INT_CONVERSION = YES;
				CLANG_WARN_NON_LITERAL_NULL_CONVERSION = YES;
				CLANG_WARN_OBJC_IMPLICIT_RETAIN_SELF = YES;
				CLANG_WARN_OBJC_LITERAL_CONVERSION = YES;
				CLANG_WARN_OBJC_ROOT_CLASS = YES_ERROR;
				CLANG_WARN_QUOTED_INCLUDE_IN_FRAMEWORK_HEADER = YES;
				CLANG_WARN_RANGE_LOOP_ANALYSIS = YES;
				CLANG_WARN_STRICT_PROTOTYPES = YES;
				CLANG_WARN_SUSPICIOUS_MOVE = YES;
				CLANG_WARN_UNGUARDED_AVAILABILITY = YES_AGGRESSIVE;
				CLANG_WARN_UNREACHABLE_CODE = YES;
				CLANG_WARN__DUPLICATE_METHOD_MATCH = YES;
				COPY_PHASE_STRIP = NO;
				DEBUG_INFORMATION_FORMAT = dwarf;
				ENABLE_STRICT_OBJC_MSGSEND = YES;
				ENABLE_TESTABILITY = YES;
				ENABLE_USER_SCRIPT_SANDBOXING = YES;
				GCC_C_LANGUAGE_STANDARD = gnu17;
				GCC_DYNAMIC_NO_PIC = NO;
				GCC_NO_COMMON_BLOCKS = YES;
				GCC_OPTIMIZATION_LEVEL = 0;
				GCC_PREPROCESSOR_DEFINITIONS = (
					"DEBUG=1",
					"$(inherited)",
				);
				GCC_WARN_64_TO_32_BIT_CONVERSION = YES;
				GCC_WARN_ABOUT_RETURN_TYPE = YES_ERROR;
				GCC_WARN_UNDECLARED_SELECTOR = YES;
				GCC_WARN_UNINITIALIZED_AUTOS = YES_AGGRESSIVE;
				GCC_WARN_UNUSED_FUNCTION = YES;
				GCC_WARN_UNUSED_VARIABLE = YES;
				LOCALIZATION_PREFERS_STRING_CATALOGS = YES;
				MTL_ENABLE_DEBUG_INFO = INCLUDE_SOURCE;
				MTL_FAST_MATH = YES;
				ONLY_ACTIVE_ARCH = YES;
				SWIFT_ACTIVE_COMPILATION_CONDITIONS = "DEBUG $(inherited)";
				SWIFT_OPTIMIZATION_LEVEL = "-Onone";
			};
			name = Debug;
		};
		48481FED2A47E59100D1DE57 /* Release */ = {
			isa = XCBuildConfiguration;
			buildSettings = {
				ALWAYS_SEARCH_USER_PATHS = NO;
				ASSETCATALOG_COMPILER_GENERATE_SWIFT_ASSET_SYMBOL_EXTENSIONS = YES;
				CLANG_ANALYZER_NONNULL = YES;
				CLANG_ANALYZER_NUMBER_OBJECT_CONVERSION = YES_AGGRESSIVE;
				CLANG_CXX_LANGUAGE_STANDARD = "gnu++20";
				CLANG_ENABLE_MODULES = YES;
				CLANG_ENABLE_OBJC_ARC = YES;
				CLANG_ENABLE_OBJC_WEAK = YES;
				CLANG_WARN_BLOCK_CAPTURE_AUTORELEASING = YES;
				CLANG_WARN_BOOL_CONVERSION = YES;
				CLANG_WARN_COMMA = YES;
				CLANG_WARN_CONSTANT_CONVERSION = YES;
				CLANG_WARN_DEPRECATED_OBJC_IMPLEMENTATIONS = YES;
				CLANG_WARN_DIRECT_OBJC_ISA_USAGE = YES_ERROR;
				CLANG_WARN_DOCUMENTATION_COMMENTS = YES;
				CLANG_WARN_EMPTY_BODY = YES;
				CLANG_WARN_ENUM_CONVERSION = YES;
				CLANG_WARN_INFINITE_RECURSION = YES;
				CLANG_WARN_INT_CONVERSION = YES;
				CLANG_WARN_NON_LITERAL_NULL_CONVERSION = YES;
				CLANG_WARN_OBJC_IMPLICIT_RETAIN_SELF = YES;
				CLANG_WARN_OBJC_LITERAL_CONVERSION = YES;
				CLANG_WARN_OBJC_ROOT_CLASS = YES_ERROR;
				CLANG_WARN_QUOTED_INCLUDE_IN_FRAMEWORK_HEADER = YES;
				CLANG_WARN_RANGE_LOOP_ANALYSIS = YES;
				CLANG_WARN_STRICT_PROTOTYPES = YES;
				CLANG_WARN_SUSPICIOUS_MOVE = YES;
				CLANG_WARN_UNGUARDED_AVAILABILITY = YES_AGGRESSIVE;
				CLANG_WARN_UNREACHABLE_CODE = YES;
				CLANG_WARN__DUPLICATE_METHOD_MATCH = YES;
				COPY_PHASE_STRIP = NO;
				DEBUG_INFORMATION_FORMAT = "dwarf-with-dsym";
				ENABLE_NS_ASSERTIONS = NO;
				ENABLE_STRICT_OBJC_MSGSEND = YES;
				ENABLE_USER_SCRIPT_SANDBOXING = YES;
				GCC_C_LANGUAGE_STANDARD = gnu17;
				GCC_NO_COMMON_BLOCKS = YES;
				GCC_WARN_64_TO_32_BIT_CONVERSION = YES;
				GCC_WARN_ABOUT_RETURN_TYPE = YES_ERROR;
				GCC_WARN_UNDECLARED_SELECTOR = YES;
				GCC_WARN_UNINITIALIZED_AUTOS = YES_AGGRESSIVE;
				GCC_WARN_UNUSED_FUNCTION = YES;
				GCC_WARN_UNUSED_VARIABLE = YES;
				LOCALIZATION_PREFERS_STRING_CATALOGS = YES;
				MTL_ENABLE_DEBUG_INFO = NO;
				MTL_FAST_MATH = YES;
				SWIFT_COMPILATION_MODE = wholemodule;
			};
			name = Release;
		};
		48481FEF2A47E59100D1DE57 /* Debug */ = {
			isa = XCBuildConfiguration;
			buildSettings = {
				ASSETCATALOG_COMPILER_APPICON_NAME = AppIcon;
				ASSETCATALOG_COMPILER_GLOBAL_ACCENT_COLOR_NAME = AccentColor;
				CODE_SIGN_ENTITLEMENTS = DontDoApp/DontDoApp.entitlements;
				CODE_SIGN_STYLE = Automatic;
				CURRENT_PROJECT_VERSION = 1;
				DEVELOPMENT_ASSET_PATHS = "\"DontDoApp/Preview Content\"";
				DEVELOPMENT_TEAM = NTTQ85TG33;
				ENABLE_HARDENED_RUNTIME = YES;
				ENABLE_PREVIEWS = YES;
				GENERATE_INFOPLIST_FILE = YES;
				INFOPLIST_FILE = DontDoApp/Info.plist;
				"INFOPLIST_KEY_UIApplicationSceneManifest_Generation[sdk=iphoneos*]" = YES;
				"INFOPLIST_KEY_UIApplicationSceneManifest_Generation[sdk=iphonesimulator*]" = YES;
				"INFOPLIST_KEY_UIApplicationSupportsIndirectInputEvents[sdk=iphoneos*]" = YES;
				"INFOPLIST_KEY_UIApplicationSupportsIndirectInputEvents[sdk=iphonesimulator*]" = YES;
				"INFOPLIST_KEY_UILaunchScreen_Generation[sdk=iphoneos*]" = YES;
				"INFOPLIST_KEY_UILaunchScreen_Generation[sdk=iphonesimulator*]" = YES;
				"INFOPLIST_KEY_UIStatusBarStyle[sdk=iphoneos*]" = UIStatusBarStyleDefault;
				"INFOPLIST_KEY_UIStatusBarStyle[sdk=iphonesimulator*]" = UIStatusBarStyleDefault;
				INFOPLIST_KEY_UISupportedInterfaceOrientations_iPad = "UIInterfaceOrientationPortrait UIInterfaceOrientationPortraitUpsideDown UIInterfaceOrientationLandscapeLeft UIInterfaceOrientationLandscapeRight";
				INFOPLIST_KEY_UISupportedInterfaceOrientations_iPhone = "UIInterfaceOrientationPortrait UIInterfaceOrientationLandscapeLeft UIInterfaceOrientationLandscapeRight";
				IPHONEOS_DEPLOYMENT_TARGET = 17.0;
				LD_RUNPATH_SEARCH_PATHS = "@executable_path/Frameworks";
				"LD_RUNPATH_SEARCH_PATHS[sdk=macosx*]" = "@executable_path/../Frameworks";
				MACOSX_DEPLOYMENT_TARGET = 13.4;
				MARKETING_VERSION = 1.0;
				PRODUCT_BUNDLE_IDENTIFIER = com.nesimtunc.apps.DontDoApp;
				PRODUCT_NAME = "$(TARGET_NAME)";
				SDKROOT = auto;
				SUPPORTED_PLATFORMS = "iphoneos iphonesimulator macosx";
				SWIFT_EMIT_LOC_STRINGS = YES;
				SWIFT_VERSION = 5.0;
				TARGETED_DEVICE_FAMILY = "1,2";
			};
			name = Debug;
		};
		48481FF02A47E59100D1DE57 /* Release */ = {
			isa = XCBuildConfiguration;
			buildSettings = {
				ASSETCATALOG_COMPILER_APPICON_NAME = AppIcon;
				ASSETCATALOG_COMPILER_GLOBAL_ACCENT_COLOR_NAME = AccentColor;
				CODE_SIGN_ENTITLEMENTS = DontDoApp/DontDoApp.entitlements;
				CODE_SIGN_STYLE = Automatic;
				CURRENT_PROJECT_VERSION = 1;
				DEVELOPMENT_ASSET_PATHS = "\"DontDoApp/Preview Content\"";
				DEVELOPMENT_TEAM = NTTQ85TG33;
				ENABLE_HARDENED_RUNTIME = YES;
				ENABLE_PREVIEWS = YES;
				GENERATE_INFOPLIST_FILE = YES;
				INFOPLIST_FILE = DontDoApp/Info.plist;
				"INFOPLIST_KEY_UIApplicationSceneManifest_Generation[sdk=iphoneos*]" = YES;
				"INFOPLIST_KEY_UIApplicationSceneManifest_Generation[sdk=iphonesimulator*]" = YES;
				"INFOPLIST_KEY_UIApplicationSupportsIndirectInputEvents[sdk=iphoneos*]" = YES;
				"INFOPLIST_KEY_UIApplicationSupportsIndirectInputEvents[sdk=iphonesimulator*]" = YES;
				"INFOPLIST_KEY_UILaunchScreen_Generation[sdk=iphoneos*]" = YES;
				"INFOPLIST_KEY_UILaunchScreen_Generation[sdk=iphonesimulator*]" = YES;
				"INFOPLIST_KEY_UIStatusBarStyle[sdk=iphoneos*]" = UIStatusBarStyleDefault;
				"INFOPLIST_KEY_UIStatusBarStyle[sdk=iphonesimulator*]" = UIStatusBarStyleDefault;
				INFOPLIST_KEY_UISupportedInterfaceOrientations_iPad = "UIInterfaceOrientationPortrait UIInterfaceOrientationPortraitUpsideDown UIInterfaceOrientationLandscapeLeft UIInterfaceOrientationLandscapeRight";
				INFOPLIST_KEY_UISupportedInterfaceOrientations_iPhone = "UIInterfaceOrientationPortrait UIInterfaceOrientationLandscapeLeft UIInterfaceOrientationLandscapeRight";
				IPHONEOS_DEPLOYMENT_TARGET = 17.0;
				LD_RUNPATH_SEARCH_PATHS = "@executable_path/Frameworks";
				"LD_RUNPATH_SEARCH_PATHS[sdk=macosx*]" = "@executable_path/../Frameworks";
				MACOSX_DEPLOYMENT_TARGET = 13.4;
				MARKETING_VERSION = 1.0;
				PRODUCT_BUNDLE_IDENTIFIER = com.nesimtunc.apps.DontDoApp;
				PRODUCT_NAME = "$(TARGET_NAME)";
				SDKROOT = auto;
				SUPPORTED_PLATFORMS = "iphoneos iphonesimulator macosx";
				SWIFT_EMIT_LOC_STRINGS = YES;
				SWIFT_VERSION = 5.0;
				TARGETED_DEVICE_FAMILY = "1,2";
			};
			name = Release;
		};
		48481FF22A47E59100D1DE57 /* Debug */ = {
			isa = XCBuildConfiguration;
			buildSettings = {
				ALWAYS_EMBED_SWIFT_STANDARD_LIBRARIES = YES;
				BUNDLE_LOADER = "$(TEST_HOST)";
				CODE_SIGN_STYLE = Automatic;
				CURRENT_PROJECT_VERSION = 1;
				DEVELOPMENT_TEAM = NTTQ85TG33;
				GENERATE_INFOPLIST_FILE = YES;
				IPHONEOS_DEPLOYMENT_TARGET = 17.0;
				MACOSX_DEPLOYMENT_TARGET = 13.4;
				MARKETING_VERSION = 1.0;
				PRODUCT_BUNDLE_IDENTIFIER = com.nesimtunc.apps.DontDoAppTests;
				PRODUCT_NAME = "$(TARGET_NAME)";
				SDKROOT = auto;
				SUPPORTED_PLATFORMS = "iphoneos iphonesimulator macosx";
				SWIFT_EMIT_LOC_STRINGS = NO;
				SWIFT_VERSION = 5.0;
				TARGETED_DEVICE_FAMILY = "1,2";
				TEST_HOST = "$(BUILT_PRODUCTS_DIR)/DontDoApp.app/$(BUNDLE_EXECUTABLE_FOLDER_PATH)/DontDoApp";
			};
			name = Debug;
		};
		48481FF32A47E59100D1DE57 /* Release */ = {
			isa = XCBuildConfiguration;
			buildSettings = {
				ALWAYS_EMBED_SWIFT_STANDARD_LIBRARIES = YES;
				BUNDLE_LOADER = "$(TEST_HOST)";
				CODE_SIGN_STYLE = Automatic;
				CURRENT_PROJECT_VERSION = 1;
				DEVELOPMENT_TEAM = NTTQ85TG33;
				GENERATE_INFOPLIST_FILE = YES;
				IPHONEOS_DEPLOYMENT_TARGET = 17.0;
				MACOSX_DEPLOYMENT_TARGET = 13.4;
				MARKETING_VERSION = 1.0;
				PRODUCT_BUNDLE_IDENTIFIER = com.nesimtunc.apps.DontDoAppTests;
				PRODUCT_NAME = "$(TARGET_NAME)";
				SDKROOT = auto;
				SUPPORTED_PLATFORMS = "iphoneos iphonesimulator macosx";
				SWIFT_EMIT_LOC_STRINGS = NO;
				SWIFT_VERSION = 5.0;
				TARGETED_DEVICE_FAMILY = "1,2";
				TEST_HOST = "$(BUILT_PRODUCTS_DIR)/DontDoApp.app/$(BUNDLE_EXECUTABLE_FOLDER_PATH)/DontDoApp";
			};
			name = Release;
		};
		48481FF52A47E59100D1DE57 /* Debug */ = {
			isa = XCBuildConfiguration;
			buildSettings = {
				ALWAYS_EMBED_SWIFT_STANDARD_LIBRARIES = YES;
				CODE_SIGN_STYLE = Automatic;
				CURRENT_PROJECT_VERSION = 1;
				DEVELOPMENT_TEAM = NTTQ85TG33;
				GENERATE_INFOPLIST_FILE = YES;
				IPHONEOS_DEPLOYMENT_TARGET = 17.0;
				MACOSX_DEPLOYMENT_TARGET = 13.4;
				MARKETING_VERSION = 1.0;
				PRODUCT_BUNDLE_IDENTIFIER = com.nesimtunc.apps.DontDoAppUITests;
				PRODUCT_NAME = "$(TARGET_NAME)";
				SDKROOT = auto;
				SUPPORTED_PLATFORMS = "iphoneos iphonesimulator macosx";
				SWIFT_EMIT_LOC_STRINGS = NO;
				SWIFT_VERSION = 5.0;
				TARGETED_DEVICE_FAMILY = "1,2";
				TEST_TARGET_NAME = DontDoApp;
			};
			name = Debug;
		};
		48481FF62A47E59100D1DE57 /* Release */ = {
			isa = XCBuildConfiguration;
			buildSettings = {
				ALWAYS_EMBED_SWIFT_STANDARD_LIBRARIES = YES;
				CODE_SIGN_STYLE = Automatic;
				CURRENT_PROJECT_VERSION = 1;
				DEVELOPMENT_TEAM = NTTQ85TG33;
				GENERATE_INFOPLIST_FILE = YES;
				IPHONEOS_DEPLOYMENT_TARGET = 17.0;
				MACOSX_DEPLOYMENT_TARGET = 13.4;
				MARKETING_VERSION = 1.0;
				PRODUCT_BUNDLE_IDENTIFIER = com.nesimtunc.apps.DontDoAppUITests;
				PRODUCT_NAME = "$(TARGET_NAME)";
				SDKROOT = auto;
				SUPPORTED_PLATFORMS = "iphoneos iphonesimulator macosx";
				SWIFT_EMIT_LOC_STRINGS = NO;
				SWIFT_VERSION = 5.0;
				TARGETED_DEVICE_FAMILY = "1,2";
				TEST_TARGET_NAME = DontDoApp;
			};
			name = Release;
		};
/* End XCBuildConfiguration section */

/* Begin XCConfigurationList section */
		48481FC12A47E58F00D1DE57 /* Build configuration list for PBXProject "DontDoApp" */ = {
			isa = XCConfigurationList;
			buildConfigurations = (
				48481FEC2A47E59100D1DE57 /* Debug */,
				48481FED2A47E59100D1DE57 /* Release */,
			);
			defaultConfigurationIsVisible = 0;
			defaultConfigurationName = Release;
		};
		48481FEE2A47E59100D1DE57 /* Build configuration list for PBXNativeTarget "DontDoApp" */ = {
			isa = XCConfigurationList;
			buildConfigurations = (
				48481FEF2A47E59100D1DE57 /* Debug */,
				48481FF02A47E59100D1DE57 /* Release */,
			);
			defaultConfigurationIsVisible = 0;
			defaultConfigurationName = Release;
		};
		48481FF12A47E59100D1DE57 /* Build configuration list for PBXNativeTarget "DontDoAppTests" */ = {
			isa = XCConfigurationList;
			buildConfigurations = (
				48481FF22A47E59100D1DE57 /* Debug */,
				48481FF32A47E59100D1DE57 /* Release */,
			);
			defaultConfigurationIsVisible = 0;
			defaultConfigurationName = Release;
		};
		48481FF42A47E59100D1DE57 /* Build configuration list for PBXNativeTarget "DontDoAppUITests" */ = {
			isa = XCConfigurationList;
			buildConfigurations = (
				48481FF52A47E59100D1DE57 /* Debug */,
				48481FF62A47E59100D1DE57 /* Release */,
			);
			defaultConfigurationIsVisible = 0;
			defaultConfigurationName = Release;
		};
/* End XCConfigurationList section */
	};
	rootObject = 48481FBE2A47E58F00D1DE57 /* Project object */;
}
